
Microsoft Visual Studio Solution File, Format Version 12.00
# Visual Studio 2013
VisualStudioVersion = 12.0.30501.0
MinimumVisualStudioVersion = 10.0.40219.1
Project("{2150E333-8FDC-42A3-9474-1A3956D46DE8}") = ".nuget", ".nuget", "{1F1B4F0F-2998-4D74-865B-9122611C2B14}"
	ProjectSection(SolutionItems) = preProject
		.nuget\NuGet.Config = .nuget\NuGet.Config
		.nuget\NuGet.exe = .nuget\NuGet.exe
		.nuget\NuGet.targets = .nuget\NuGet.targets
	EndProjectSection
EndProject
Project("{2150E333-8FDC-42A3-9474-1A3956D46DE8}") = "docs", "docs", "{A6A6AF7D-D6E3-442D-9B1E-58CC91879BE1}"
EndProject
Project("{2150E333-8FDC-42A3-9474-1A3956D46DE8}") = "tools", "tools", "{83F16175-43B1-4C90-A1EE-8E351C33435D}"
	ProjectSection(SolutionItems) = preProject
		docs\tools\generate.fsx = docs\tools\generate.fsx
		docs\tools\templates\template.cshtml = docs\tools\templates\template.cshtml
	EndProjectSection
EndProject
Project("{2150E333-8FDC-42A3-9474-1A3956D46DE8}") = "content", "content", "{8E6D5255-776D-4B61-85F9-73C37AA1FB9A}"
	ProjectSection(SolutionItems) = preProject
		docs\content\index.fsx = docs\content\index.fsx
	EndProjectSection
EndProject
Project("{2150E333-8FDC-42A3-9474-1A3956D46DE8}") = "project", "project", "{BF60BC93-E09B-4E5F-9D85-95A519479D54}"
	ProjectSection(SolutionItems) = preProject
		build.fsx = build.fsx
		nuget\FSCL.Runtime.nuspec = nuget\FSCL.Runtime.nuspec
		README.md = README.md
		RELEASE_NOTES.md = RELEASE_NOTES.md
	EndProjectSection
EndProject
Project("{2150E333-8FDC-42A3-9474-1A3956D46DE8}") = "tests", "tests", "{ED8079DD-2B06-4030-9F0F-DC548F98E1C4}"
EndProject
Project("{F2A71F9B-5D33-465A-A702-920D77279786}") = "FSCL.Runtime.Tests", "tests\FSCL.Runtime.Tests\FSCL.Runtime.Tests.fsproj", "{E789C72A-5CFD-436B-8EF1-61AA2852A89F}"
EndProject
Project("{F2A71F9B-5D33-465A-A702-920D77279786}") = "FSCL.Runtime.Core", "src\FSCL.Runtime.Core\FSCL.Runtime.Core.fsproj", "{061550DB-589C-4DBC-94EF-6DF4EC751B71}"
EndProject
Project("{FAE04EC0-301F-11D3-BF4B-00C04F79EFBC}") = "OpenCLManagedWrapper", "src\OpenCLManagedWrapper\OpenCLManagedWrapper.csproj", "{3BD75582-1A72-4022-9FE7-483573DEA9BA}"
EndProject
Project("{F2A71F9B-5D33-465A-A702-920D77279786}") = "FSCL.Runtime.Language", "src\FSCL.Runtime.Language\FSCL.Runtime.Language.fsproj", "{9692F3D3-7408-46F4-8429-B4E77D128849}"
EndProject
Project("{F2A71F9B-5D33-465A-A702-920D77279786}") = "FSCL.Runtime.CompilerSteps", "src\FSCL.Runtime.CompilerSteps\FSCL.Runtime.CompilerSteps.fsproj", "{B02C148F-2441-4B18-9D2B-B4E519789EDB}"
EndProject
Project("{F2A71F9B-5D33-465A-A702-920D77279786}") = "FSCL.Runtime.Scheduling", "src\FSCL.Runtime.Scheduling\FSCL.Runtime.Scheduling.fsproj", "{266E7303-23E0-47AC-9324-4B9705FC61F1}"
EndProject
Project("{F2A71F9B-5D33-465A-A702-920D77279786}") = "FSCL.Runtime.Execution", "src\FSCL.Runtime.Execution\FSCL.Runtime.Execution.fsproj", "{81F4CE2D-FEB3-4189-999A-F024C19019FE}"
EndProject
Project("{F2A71F9B-5D33-465A-A702-920D77279786}") = "FSCL.Runtime", "src\FSCL.Runtime\FSCL.Runtime.fsproj", "{0972DAF2-5AAF-4D52-B0C6-4B51F00BE03C}"
EndProject
Project("{F2A71F9B-5D33-465A-A702-920D77279786}") = "ComputationSample", "src\ComputationSample\ComputationSample.fsproj", "{C0B2BBA9-BE9D-4DC5-9470-748B6427BEE8}"
EndProject
Global
	GlobalSection(SolutionConfigurationPlatforms) = preSolution
		Debug|Any CPU = Debug|Any CPU
		Debug|x64 = Debug|x64
		Debug|x86 = Debug|x86
		Release|Any CPU = Release|Any CPU
		Release|x64 = Release|x64
		Release|x86 = Release|x86
	EndGlobalSection
	GlobalSection(ProjectConfigurationPlatforms) = postSolution
		{E789C72A-5CFD-436B-8EF1-61AA2852A89F}.Debug|Any CPU.ActiveCfg = Debug|Any CPU
		{E789C72A-5CFD-436B-8EF1-61AA2852A89F}.Debug|Any CPU.Build.0 = Debug|Any CPU
		{E789C72A-5CFD-436B-8EF1-61AA2852A89F}.Debug|x64.ActiveCfg = Debug|x64
		{E789C72A-5CFD-436B-8EF1-61AA2852A89F}.Debug|x64.Build.0 = Debug|x64
		{E789C72A-5CFD-436B-8EF1-61AA2852A89F}.Debug|x86.ActiveCfg = Debug|x86
		{E789C72A-5CFD-436B-8EF1-61AA2852A89F}.Debug|x86.Build.0 = Debug|x86
		{E789C72A-5CFD-436B-8EF1-61AA2852A89F}.Release|Any CPU.ActiveCfg = Release|Any CPU
		{E789C72A-5CFD-436B-8EF1-61AA2852A89F}.Release|Any CPU.Build.0 = Release|Any CPU
		{E789C72A-5CFD-436B-8EF1-61AA2852A89F}.Release|x64.ActiveCfg = Release|x64
		{E789C72A-5CFD-436B-8EF1-61AA2852A89F}.Release|x64.Build.0 = Release|x64
		{E789C72A-5CFD-436B-8EF1-61AA2852A89F}.Release|x86.ActiveCfg = Release|x86
		{E789C72A-5CFD-436B-8EF1-61AA2852A89F}.Release|x86.Build.0 = Release|x86
		{061550DB-589C-4DBC-94EF-6DF4EC751B71}.Debug|Any CPU.ActiveCfg = Debug|Any CPU
		{061550DB-589C-4DBC-94EF-6DF4EC751B71}.Debug|Any CPU.Build.0 = Debug|Any CPU
		{061550DB-589C-4DBC-94EF-6DF4EC751B71}.Debug|x64.ActiveCfg = Debug|x64
		{061550DB-589C-4DBC-94EF-6DF4EC751B71}.Debug|x64.Build.0 = Debug|x64
		{061550DB-589C-4DBC-94EF-6DF4EC751B71}.Debug|x86.ActiveCfg = Debug|x86
		{061550DB-589C-4DBC-94EF-6DF4EC751B71}.Debug|x86.Build.0 = Debug|x86
		{061550DB-589C-4DBC-94EF-6DF4EC751B71}.Release|Any CPU.ActiveCfg = Release|Any CPU
		{061550DB-589C-4DBC-94EF-6DF4EC751B71}.Release|Any CPU.Build.0 = Release|Any CPU
		{061550DB-589C-4DBC-94EF-6DF4EC751B71}.Release|x64.ActiveCfg = Release|x64
		{061550DB-589C-4DBC-94EF-6DF4EC751B71}.Release|x64.Build.0 = Release|x64
		{061550DB-589C-4DBC-94EF-6DF4EC751B71}.Release|x86.ActiveCfg = Release|x86
		{061550DB-589C-4DBC-94EF-6DF4EC751B71}.Release|x86.Build.0 = Release|x86
		{3BD75582-1A72-4022-9FE7-483573DEA9BA}.Debug|Any CPU.ActiveCfg = Debug|Any CPU
		{3BD75582-1A72-4022-9FE7-483573DEA9BA}.Debug|Any CPU.Build.0 = Debug|Any CPU
		{3BD75582-1A72-4022-9FE7-483573DEA9BA}.Debug|x64.ActiveCfg = Debug|x64
		{3BD75582-1A72-4022-9FE7-483573DEA9BA}.Debug|x64.Build.0 = Debug|x64
		{3BD75582-1A72-4022-9FE7-483573DEA9BA}.Debug|x86.ActiveCfg = Debug|x86
		{3BD75582-1A72-4022-9FE7-483573DEA9BA}.Debug|x86.Build.0 = Debug|x86
		{3BD75582-1A72-4022-9FE7-483573DEA9BA}.Release|Any CPU.ActiveCfg = Release|Any CPU
		{3BD75582-1A72-4022-9FE7-483573DEA9BA}.Release|Any CPU.Build.0 = Release|Any CPU
		{3BD75582-1A72-4022-9FE7-483573DEA9BA}.Release|x64.ActiveCfg = Release|x64
		{3BD75582-1A72-4022-9FE7-483573DEA9BA}.Release|x64.Build.0 = Release|x64
		{3BD75582-1A72-4022-9FE7-483573DEA9BA}.Release|x86.ActiveCfg = Release|x86
		{3BD75582-1A72-4022-9FE7-483573DEA9BA}.Release|x86.Build.0 = Release|x86
		{9692F3D3-7408-46F4-8429-B4E77D128849}.Debug|Any CPU.ActiveCfg = Debug|Any CPU
		{9692F3D3-7408-46F4-8429-B4E77D128849}.Debug|Any CPU.Build.0 = Debug|Any CPU
		{9692F3D3-7408-46F4-8429-B4E77D128849}.Debug|x64.ActiveCfg = Debug|x64
		{9692F3D3-7408-46F4-8429-B4E77D128849}.Debug|x64.Build.0 = Debug|x64
		{9692F3D3-7408-46F4-8429-B4E77D128849}.Debug|x86.ActiveCfg = Debug|x86
		{9692F3D3-7408-46F4-8429-B4E77D128849}.Debug|x86.Build.0 = Debug|x86
		{9692F3D3-7408-46F4-8429-B4E77D128849}.Release|Any CPU.ActiveCfg = Release|Any CPU
		{9692F3D3-7408-46F4-8429-B4E77D128849}.Release|Any CPU.Build.0 = Release|Any CPU
		{9692F3D3-7408-46F4-8429-B4E77D128849}.Release|x64.ActiveCfg = Release|x64
		{9692F3D3-7408-46F4-8429-B4E77D128849}.Release|x64.Build.0 = Release|x64
		{9692F3D3-7408-46F4-8429-B4E77D128849}.Release|x86.ActiveCfg = Release|x86
		{9692F3D3-7408-46F4-8429-B4E77D128849}.Release|x86.Build.0 = Release|x86
		{B02C148F-2441-4B18-9D2B-B4E519789EDB}.Debug|Any CPU.ActiveCfg = Debug|Any CPU
		{B02C148F-2441-4B18-9D2B-B4E519789EDB}.Debug|Any CPU.Build.0 = Debug|Any CPU
		{B02C148F-2441-4B18-9D2B-B4E519789EDB}.Debug|x64.ActiveCfg = Debug|x64
		{B02C148F-2441-4B18-9D2B-B4E519789EDB}.Debug|x64.Build.0 = Debug|x64
		{B02C148F-2441-4B18-9D2B-B4E519789EDB}.Debug|x86.ActiveCfg = Debug|x86
		{B02C148F-2441-4B18-9D2B-B4E519789EDB}.Debug|x86.Build.0 = Debug|x86
		{B02C148F-2441-4B18-9D2B-B4E519789EDB}.Release|Any CPU.ActiveCfg = Release|Any CPU
		{B02C148F-2441-4B18-9D2B-B4E519789EDB}.Release|Any CPU.Build.0 = Release|Any CPU
		{B02C148F-2441-4B18-9D2B-B4E519789EDB}.Release|x64.ActiveCfg = Release|x64
		{B02C148F-2441-4B18-9D2B-B4E519789EDB}.Release|x64.Build.0 = Release|x64
		{B02C148F-2441-4B18-9D2B-B4E519789EDB}.Release|x86.ActiveCfg = Release|x86
		{B02C148F-2441-4B18-9D2B-B4E519789EDB}.Release|x86.Build.0 = Release|x86
		{266E7303-23E0-47AC-9324-4B9705FC61F1}.Debug|Any CPU.ActiveCfg = Debug|Any CPU
		{266E7303-23E0-47AC-9324-4B9705FC61F1}.Debug|Any CPU.Build.0 = Debug|Any CPU
		{266E7303-23E0-47AC-9324-4B9705FC61F1}.Debug|x64.ActiveCfg = Debug|x64
		{266E7303-23E0-47AC-9324-4B9705FC61F1}.Debug|x64.Build.0 = Debug|x64
		{266E7303-23E0-47AC-9324-4B9705FC61F1}.Debug|x86.ActiveCfg = Debug|x86
		{266E7303-23E0-47AC-9324-4B9705FC61F1}.Debug|x86.Build.0 = Debug|x86
		{266E7303-23E0-47AC-9324-4B9705FC61F1}.Release|Any CPU.ActiveCfg = Release|Any CPU
		{266E7303-23E0-47AC-9324-4B9705FC61F1}.Release|Any CPU.Build.0 = Release|Any CPU
		{266E7303-23E0-47AC-9324-4B9705FC61F1}.Release|x64.ActiveCfg = Release|x64
		{266E7303-23E0-47AC-9324-4B9705FC61F1}.Release|x64.Build.0 = Release|x64
		{266E7303-23E0-47AC-9324-4B9705FC61F1}.Release|x86.ActiveCfg = Release|x86
		{266E7303-23E0-47AC-9324-4B9705FC61F1}.Release|x86.Build.0 = Release|x86
		{81F4CE2D-FEB3-4189-999A-F024C19019FE}.Debug|Any CPU.ActiveCfg = Debug|Any CPU
		{81F4CE2D-FEB3-4189-999A-F024C19019FE}.Debug|Any CPU.Build.0 = Debug|Any CPU
		{81F4CE2D-FEB3-4189-999A-F024C19019FE}.Debug|x64.ActiveCfg = Debug|x64
		{81F4CE2D-FEB3-4189-999A-F024C19019FE}.Debug|x64.Build.0 = Debug|x64
		{81F4CE2D-FEB3-4189-999A-F024C19019FE}.Debug|x86.ActiveCfg = Debug|x86
		{81F4CE2D-FEB3-4189-999A-F024C19019FE}.Debug|x86.Build.0 = Debug|x86
		{81F4CE2D-FEB3-4189-999A-F024C19019FE}.Release|Any CPU.ActiveCfg = Release|Any CPU
		{81F4CE2D-FEB3-4189-999A-F024C19019FE}.Release|Any CPU.Build.0 = Release|Any CPU
		{81F4CE2D-FEB3-4189-999A-F024C19019FE}.Release|x64.ActiveCfg = Release|x64
		{81F4CE2D-FEB3-4189-999A-F024C19019FE}.Release|x64.Build.0 = Release|x64
		{81F4CE2D-FEB3-4189-999A-F024C19019FE}.Release|x86.ActiveCfg = Release|x86
		{81F4CE2D-FEB3-4189-999A-F024C19019FE}.Release|x86.Build.0 = Release|x86
		{0972DAF2-5AAF-4D52-B0C6-4B51F00BE03C}.Debug|Any CPU.ActiveCfg = Debug|Any CPU
		{0972DAF2-5AAF-4D52-B0C6-4B51F00BE03C}.Debug|Any CPU.Build.0 = Debug|Any CPU
		{0972DAF2-5AAF-4D52-B0C6-4B51F00BE03C}.Debug|x64.ActiveCfg = Debug|x64
		{0972DAF2-5AAF-4D52-B0C6-4B51F00BE03C}.Debug|x64.Build.0 = Debug|x64
		{0972DAF2-5AAF-4D52-B0C6-4B51F00BE03C}.Debug|x86.ActiveCfg = Debug|x86
		{0972DAF2-5AAF-4D52-B0C6-4B51F00BE03C}.Debug|x86.Build.0 = Debug|x86
		{0972DAF2-5AAF-4D52-B0C6-4B51F00BE03C}.Release|Any CPU.ActiveCfg = Release|Any CPU
		{0972DAF2-5AAF-4D52-B0C6-4B51F00BE03C}.Release|Any CPU.Build.0 = Release|Any CPU
		{0972DAF2-5AAF-4D52-B0C6-4B51F00BE03C}.Release|x64.ActiveCfg = Release|x64
		{0972DAF2-5AAF-4D52-B0C6-4B51F00BE03C}.Release|x64.Build.0 = Release|x64
		{0972DAF2-5AAF-4D52-B0C6-4B51F00BE03C}.Release|x86.ActiveCfg = Release|x86
		{0972DAF2-5AAF-4D52-B0C6-4B51F00BE03C}.Release|x86.Build.0 = Release|x86
		{C0B2BBA9-BE9D-4DC5-9470-748B6427BEE8}.Debug|Any CPU.ActiveCfg = Debug|Any CPU
		{C0B2BBA9-BE9D-4DC5-9470-748B6427BEE8}.Debug|Any CPU.Build.0 = Debug|Any CPU
		{C0B2BBA9-BE9D-4DC5-9470-748B6427BEE8}.Debug|x64.ActiveCfg = Debug|x64
		{C0B2BBA9-BE9D-4DC5-9470-748B6427BEE8}.Debug|x64.Build.0 = Debug|x64
		{C0B2BBA9-BE9D-4DC5-9470-748B6427BEE8}.Debug|x86.ActiveCfg = Debug|x86
		{C0B2BBA9-BE9D-4DC5-9470-748B6427BEE8}.Debug|x86.Build.0 = Debug|x86
		{C0B2BBA9-BE9D-4DC5-9470-748B6427BEE8}.Release|Any CPU.ActiveCfg = Release|Any CPU
		{C0B2BBA9-BE9D-4DC5-9470-748B6427BEE8}.Release|Any CPU.Build.0 = Release|Any CPU
		{C0B2BBA9-BE9D-4DC5-9470-748B6427BEE8}.Release|x64.ActiveCfg = Release|x64
		{C0B2BBA9-BE9D-4DC5-9470-748B6427BEE8}.Release|x64.Build.0 = Release|x64
		{C0B2BBA9-BE9D-4DC5-9470-748B6427BEE8}.Release|x86.ActiveCfg = Release|x86
		{C0B2BBA9-BE9D-4DC5-9470-748B6427BEE8}.Release|x86.Build.0 = Release|x86
	EndGlobalSection
	GlobalSection(SolutionProperties) = preSolution
		HideSolutionNode = FALSE
	EndGlobalSection
	GlobalSection(NestedProjects) = preSolution
		{83F16175-43B1-4C90-A1EE-8E351C33435D} = {A6A6AF7D-D6E3-442D-9B1E-58CC91879BE1}
		{8E6D5255-776D-4B61-85F9-73C37AA1FB9A} = {A6A6AF7D-D6E3-442D-9B1E-58CC91879BE1}
		{E789C72A-5CFD-436B-8EF1-61AA2852A89F} = {ED8079DD-2B06-4030-9F0F-DC548F98E1C4}
	EndGlobalSection
	GlobalSection(MonoDevelopProperties) = preSolution
		StartupItem = src\FeatureExtractionSample\FeatureExtractionSample.fsproj
	EndGlobalSection
EndGlobal
