
Microsoft Visual Studio Solution File, Format Version 12.00
# Visual Studio 2012
Project("{2150E333-8FDC-42A3-9474-1A3956D46DE8}") = "Compiler", "Compiler", "{1F376E77-5C4F-433D-A3A4-567B9B4124AA}"
EndProject
Project("{4925A630-B079-445d-BCD4-3A9C94FE9307}") = "FSCL.Compiler.Core", "FSCL.Compiler\FSCL.Compiler.Core\FSCL.Compiler.Core.fsproj", "{54853A79-FFD2-469D-B1E4-52F24A4C95D1}"
EndProject
Project("{4925A630-B079-445d-BCD4-3A9C94FE9307}") = "FSCL.Compiler.Language", "FSCL.Compiler\FSCL.Language\FSCL.Compiler.Language.fsproj", "{7CFBAE88-1C33-4103-B5A7-BB0A55CBBEA6}"
EndProject
Project("{4925A630-B079-445d-BCD4-3A9C94FE9307}") = "FSCL.Compiler.Util", "FSCL.Compiler\FSCL.Compiler.Util\FSCL.Compiler.Util.fsproj", "{0E5212B9-8C3A-4E71-864E-114CD8256FA7}"
EndProject
Project("{4925A630-B079-445d-BCD4-3A9C94FE9307}") = "FSCL.Compiler.NativeComponents", "FSCL.Compiler\FSCL.Compiler.NativeComponents\FSCL.Compiler.NativeComponents.fsproj", "{40EBD40B-6C79-4678-8BD0-FB756820FB68}"
EndProject
Project("{4925A630-B079-445d-BCD4-3A9C94FE9307}") = "FSCL.Compiler", "FSCL.Compiler\FSCL.Compiler\FSCL.Compiler.fsproj", "{AA752A37-7BE8-4805-8B12-7A9D1DCF66D6}"
EndProject
Project("{2150E333-8FDC-42A3-9474-1A3956D46DE8}") = "Mono", "Mono", "{4C6B4278-071C-4884-9304-B023221E2E14}"
EndProject
Project("{FAE04EC0-301F-11D3-BF4B-00C04F79EFBC}") = "Mono.Reflection", "mono.reflection\Mono.Reflection.csproj", "{97B010AB-0756-46DC-B75A-7A6C4F6FF28D}"
EndProject
Project("{2150E333-8FDC-42A3-9474-1A3956D46DE8}") = "OpenCLWrapper", "OpenCLWrapper", "{6797264A-54E0-438E-AAFE-BB045FA0D82C}"
EndProject
Project("{FAE04EC0-301F-11D3-BF4B-00C04F79EFBC}") = "OpenCLManagedWrapper", "OpenCLManagedWrapper\OpenCLManagedWrapper.csproj", "{55EB06A9-9F34-464C-880A-CA20EA631DD4}"
EndProject
Project("{4925A630-B079-445d-BCD4-3A9C94FE9307}") = "FSCL.Runtime.Core", "FSCL.Runtime.Core\FSCL.Runtime.Core.fsproj", "{AF7A8E78-137B-4508-8D49-FA7121D8A96D}"
EndProject
Project("{4925A630-B079-445d-BCD4-3A9C94FE9307}") = "FSCL.Runtime.Language", "FSCL.Runtime.Language\FSCL.Runtime.Language.fsproj", "{CEDABECE-D58B-4B52-98E2-242E06348796}"
EndProject
Project("{4925A630-B079-445d-BCD4-3A9C94FE9307}") = "FSCL.Runtime.CompilerSteps", "FSCL.Runtime.CompilerSteps\FSCL.Runtime.CompilerSteps.fsproj", "{C05E140C-0EB3-4D54-B844-F3C06516581E}"
EndProject
Project("{4925A630-B079-445d-BCD4-3A9C94FE9307}") = "FSCL.Runtime.Execution", "FSCL.Runtime.Execution\FSCL.Runtime.Execution.fsproj", "{0A6E90C6-C93A-4AAE-80B6-5CDFC16FE9AD}"
EndProject
Project("{4925A630-B079-445d-BCD4-3A9C94FE9307}") = "FSCL.Runtime", "FSCL.Runtime\FSCL.Runtime.fsproj", "{2A10F410-CEFA-49CB-AE62-FD4033A320ED}"
EndProject
Project("{2150E333-8FDC-42A3-9474-1A3956D46DE8}") = "Samples", "Samples", "{F74B76A1-D67F-4D30-802F-114CB339C86D}"
EndProject
Project("{4925A630-B079-445d-BCD4-3A9C94FE9307}") = "ComputationSample", "ComputationSample\ComputationSample.fsproj", "{BB2F472B-DC6F-4F46-BF99-48FC7DF95BD9}"
EndProject
Project("{4925A630-B079-445d-BCD4-3A9C94FE9307}") = "FSCL.Runtime.Scheduling", "FSCL.Runtime.Scheduling\FSCL.Runtime.Scheduling.fsproj", "{64A8CFFC-623A-4C0F-8C6F-E916A0055EAC}"
EndProject
Global
	GlobalSection(SolutionConfigurationPlatforms) = preSolution
		Debug|Any CPU = Debug|Any CPU
		Release|Any CPU = Release|Any CPU
	EndGlobalSection
	GlobalSection(ProjectConfigurationPlatforms) = postSolution
		{0A6E90C6-C93A-4AAE-80B6-5CDFC16FE9AD}.Debug|Any CPU.ActiveCfg = Debug|Any CPU
		{0A6E90C6-C93A-4AAE-80B6-5CDFC16FE9AD}.Debug|Any CPU.Build.0 = Debug|Any CPU
		{0A6E90C6-C93A-4AAE-80B6-5CDFC16FE9AD}.Release|Any CPU.ActiveCfg = Release|Any CPU
		{0A6E90C6-C93A-4AAE-80B6-5CDFC16FE9AD}.Release|Any CPU.Build.0 = Release|Any CPU
		{0E5212B9-8C3A-4E71-864E-114CD8256FA7}.Debug|Any CPU.ActiveCfg = Debug|Any CPU
		{0E5212B9-8C3A-4E71-864E-114CD8256FA7}.Debug|Any CPU.Build.0 = Debug|Any CPU
		{0E5212B9-8C3A-4E71-864E-114CD8256FA7}.Release|Any CPU.ActiveCfg = Release|Any CPU
		{0E5212B9-8C3A-4E71-864E-114CD8256FA7}.Release|Any CPU.Build.0 = Release|Any CPU
		{2A10F410-CEFA-49CB-AE62-FD4033A320ED}.Debug|Any CPU.ActiveCfg = Debug|Any CPU
		{2A10F410-CEFA-49CB-AE62-FD4033A320ED}.Debug|Any CPU.Build.0 = Debug|Any CPU
		{2A10F410-CEFA-49CB-AE62-FD4033A320ED}.Release|Any CPU.ActiveCfg = Release|Any CPU
		{2A10F410-CEFA-49CB-AE62-FD4033A320ED}.Release|Any CPU.Build.0 = Release|Any CPU
		{40EBD40B-6C79-4678-8BD0-FB756820FB68}.Debug|Any CPU.ActiveCfg = Debug|Any CPU
		{40EBD40B-6C79-4678-8BD0-FB756820FB68}.Debug|Any CPU.Build.0 = Debug|Any CPU
		{40EBD40B-6C79-4678-8BD0-FB756820FB68}.Release|Any CPU.ActiveCfg = Release|Any CPU
		{40EBD40B-6C79-4678-8BD0-FB756820FB68}.Release|Any CPU.Build.0 = Release|Any CPU
		{54853A79-FFD2-469D-B1E4-52F24A4C95D1}.Debug|Any CPU.ActiveCfg = Debug|Any CPU
		{54853A79-FFD2-469D-B1E4-52F24A4C95D1}.Debug|Any CPU.Build.0 = Debug|Any CPU
		{54853A79-FFD2-469D-B1E4-52F24A4C95D1}.Release|Any CPU.ActiveCfg = Release|Any CPU
		{54853A79-FFD2-469D-B1E4-52F24A4C95D1}.Release|Any CPU.Build.0 = Release|Any CPU
		{55EB06A9-9F34-464C-880A-CA20EA631DD4}.Debug|Any CPU.ActiveCfg = Debug|Any CPU
		{55EB06A9-9F34-464C-880A-CA20EA631DD4}.Debug|Any CPU.Build.0 = Debug|Any CPU
		{55EB06A9-9F34-464C-880A-CA20EA631DD4}.Release|Any CPU.ActiveCfg = Release|Any CPU
		{55EB06A9-9F34-464C-880A-CA20EA631DD4}.Release|Any CPU.Build.0 = Release|Any CPU
		{64A8CFFC-623A-4C0F-8C6F-E916A0055EAC}.Debug|Any CPU.ActiveCfg = Debug|Any CPU
		{64A8CFFC-623A-4C0F-8C6F-E916A0055EAC}.Debug|Any CPU.Build.0 = Debug|Any CPU
		{64A8CFFC-623A-4C0F-8C6F-E916A0055EAC}.Release|Any CPU.ActiveCfg = Release|Any CPU
		{64A8CFFC-623A-4C0F-8C6F-E916A0055EAC}.Release|Any CPU.Build.0 = Release|Any CPU
		{7CFBAE88-1C33-4103-B5A7-BB0A55CBBEA6}.Debug|Any CPU.ActiveCfg = Debug|Any CPU
		{7CFBAE88-1C33-4103-B5A7-BB0A55CBBEA6}.Debug|Any CPU.Build.0 = Debug|Any CPU
		{7CFBAE88-1C33-4103-B5A7-BB0A55CBBEA6}.Release|Any CPU.ActiveCfg = Release|Any CPU
		{7CFBAE88-1C33-4103-B5A7-BB0A55CBBEA6}.Release|Any CPU.Build.0 = Release|Any CPU
		{97B010AB-0756-46DC-B75A-7A6C4F6FF28D}.Debug|Any CPU.ActiveCfg = Debug|Any CPU
		{97B010AB-0756-46DC-B75A-7A6C4F6FF28D}.Debug|Any CPU.Build.0 = Debug|Any CPU
		{97B010AB-0756-46DC-B75A-7A6C4F6FF28D}.Release|Any CPU.ActiveCfg = Release|Any CPU
		{97B010AB-0756-46DC-B75A-7A6C4F6FF28D}.Release|Any CPU.Build.0 = Release|Any CPU
		{AA752A37-7BE8-4805-8B12-7A9D1DCF66D6}.Debug|Any CPU.ActiveCfg = Debug|Any CPU
		{AA752A37-7BE8-4805-8B12-7A9D1DCF66D6}.Debug|Any CPU.Build.0 = Debug|Any CPU
		{AA752A37-7BE8-4805-8B12-7A9D1DCF66D6}.Release|Any CPU.ActiveCfg = Release|Any CPU
		{AA752A37-7BE8-4805-8B12-7A9D1DCF66D6}.Release|Any CPU.Build.0 = Release|Any CPU
		{AF7A8E78-137B-4508-8D49-FA7121D8A96D}.Debug|Any CPU.ActiveCfg = Debug|Any CPU
		{AF7A8E78-137B-4508-8D49-FA7121D8A96D}.Debug|Any CPU.Build.0 = Debug|Any CPU
		{AF7A8E78-137B-4508-8D49-FA7121D8A96D}.Release|Any CPU.ActiveCfg = Release|Any CPU
		{AF7A8E78-137B-4508-8D49-FA7121D8A96D}.Release|Any CPU.Build.0 = Release|Any CPU
		{BB2F472B-DC6F-4F46-BF99-48FC7DF95BD9}.Debug|Any CPU.ActiveCfg = Debug|Any CPU
		{BB2F472B-DC6F-4F46-BF99-48FC7DF95BD9}.Debug|Any CPU.Build.0 = Debug|Any CPU
		{BB2F472B-DC6F-4F46-BF99-48FC7DF95BD9}.Release|Any CPU.ActiveCfg = Release|Any CPU
		{BB2F472B-DC6F-4F46-BF99-48FC7DF95BD9}.Release|Any CPU.Build.0 = Release|Any CPU
		{C05E140C-0EB3-4D54-B844-F3C06516581E}.Debug|Any CPU.ActiveCfg = Debug|Any CPU
		{C05E140C-0EB3-4D54-B844-F3C06516581E}.Debug|Any CPU.Build.0 = Debug|Any CPU
		{C05E140C-0EB3-4D54-B844-F3C06516581E}.Release|Any CPU.ActiveCfg = Release|Any CPU
		{C05E140C-0EB3-4D54-B844-F3C06516581E}.Release|Any CPU.Build.0 = Release|Any CPU
		{CEDABECE-D58B-4B52-98E2-242E06348796}.Debug|Any CPU.ActiveCfg = Debug|Any CPU
		{CEDABECE-D58B-4B52-98E2-242E06348796}.Debug|Any CPU.Build.0 = Debug|Any CPU
		{CEDABECE-D58B-4B52-98E2-242E06348796}.Release|Any CPU.ActiveCfg = Release|Any CPU
		{CEDABECE-D58B-4B52-98E2-242E06348796}.Release|Any CPU.Build.0 = Release|Any CPU
	EndGlobalSection
	GlobalSection(NestedProjects) = preSolution
		{54853A79-FFD2-469D-B1E4-52F24A4C95D1} = {1F376E77-5C4F-433D-A3A4-567B9B4124AA}
		{7CFBAE88-1C33-4103-B5A7-BB0A55CBBEA6} = {1F376E77-5C4F-433D-A3A4-567B9B4124AA}
		{0E5212B9-8C3A-4E71-864E-114CD8256FA7} = {1F376E77-5C4F-433D-A3A4-567B9B4124AA}
		{40EBD40B-6C79-4678-8BD0-FB756820FB68} = {1F376E77-5C4F-433D-A3A4-567B9B4124AA}
		{AA752A37-7BE8-4805-8B12-7A9D1DCF66D6} = {1F376E77-5C4F-433D-A3A4-567B9B4124AA}
		{97B010AB-0756-46DC-B75A-7A6C4F6FF28D} = {4C6B4278-071C-4884-9304-B023221E2E14}
		{55EB06A9-9F34-464C-880A-CA20EA631DD4} = {6797264A-54E0-438E-AAFE-BB045FA0D82C}
		{BB2F472B-DC6F-4F46-BF99-48FC7DF95BD9} = {F74B76A1-D67F-4D30-802F-114CB339C86D}
	EndGlobalSection
	GlobalSection(MonoDevelopProperties) = preSolution
		StartupItem = ComputationSample\ComputationSample.fsproj
	EndGlobalSection
EndGlobal
