
Microsoft Visual Studio Solution File, Format Version 12.00
# Visual Studio 2012
Project("{2150E333-8FDC-42A3-9474-1A3956D46DE8}") = "Cloo", "Cloo", "{D0CC830B-3BD8-45A2-87CC-1959BE1772E2}"
EndProject
Project("{2150E333-8FDC-42A3-9474-1A3956D46DE8}") = "Compiler", "Compiler", "{5037334E-758D-4D7B-9AB3-C928D1D5AF39}"
EndProject
Project("{2150E333-8FDC-42A3-9474-1A3956D46DE8}") = "Mono", "Mono", "{38219484-0548-474A-8049-747C727118DA}"
EndProject
Project("{FAE04EC0-301F-11D3-BF4B-00C04F79EFBC}") = "Cloo.VS2010", "Cloo\Cloo\Cloo.VS2010.csproj", "{656E96CE-2587-4CCC-A4DB-06D36267133A}"
EndProject
Project("{FAE04EC0-301F-11D3-BF4B-00C04F79EFBC}") = "Mono.Reflection", "mono.reflection\Mono.Reflection.csproj", "{97B010AB-0756-46DC-B75A-7A6C4F6FF28D}"
EndProject
Project("{F2A71F9B-5D33-465A-A702-920D77279786}") = "FSCL.Runtime.Core.KernelExecution", "FSCL.Runtime.Core.KernelExecution\FSCL.Runtime.Core.KernelExecution.fsproj", "{C0B03FA8-DF51-417D-8F17-BD41F59FC313}"
EndProject
Project("{F2A71F9B-5D33-465A-A702-920D77279786}") = "FSCL.Runtime.Util", "FSCL.Runtime.Util\FSCL.Runtime.Util.fsproj", "{7C90C48C-4C3A-4FC3-8510-A7E50EF76DB3}"
EndProject
Project("{F2A71F9B-5D33-465A-A702-920D77279786}") = "FSCL.Runtime.AcceleratedCollections", "FSCL.Runtime.AcceleratedCollections\FSCL.Runtime.AcceleratedCollections.fsproj", "{9798C149-593E-4A31-8B5D-807C20808A00}"
EndProject
Project("{F2A71F9B-5D33-465A-A702-920D77279786}") = "FSCL.Runtime.CompilerSteps", "CompilerSteps\FSCL.Runtime.CompilerSteps.fsproj", "{1AD3E1DC-D7F0-4B0C-B58F-E7E443E81471}"
EndProject
Project("{F2A71F9B-5D33-465A-A702-920D77279786}") = "FSCL.Runtime.MetricTools", "FSCL.Runtime.MetricTools\FSCL.Runtime.MetricTools.fsproj", "{CB4C5F5A-CDFD-4372-A565-BC7D2E362E22}"
EndProject
Project("{F2A71F9B-5D33-465A-A702-920D77279786}") = "FSCL.Compiler.Core.Util", "FSCL.Compiler\Util\FSCL.Compiler.Core.Util.fsproj", "{2089BA93-E786-42E3-B717-58105C53BB7A}"
EndProject
Project("{F2A71F9B-5D33-465A-A702-920D77279786}") = "FSCL.Compiler.Core", "FSCL.Compiler\Core\FSCL.Compiler.Core.fsproj", "{7635ADE1-AC00-4587-8117-3FAA15BE9318}"
EndProject
Project("{F2A71F9B-5D33-465A-A702-920D77279786}") = "FSCL.Compiler.Tools", "FSCL.Compiler\Tools\FSCL.Compiler.Tools.fsproj", "{2581B89A-F555-48A7-94BE-9B21654901A7}"
EndProject
Project("{F2A71F9B-5D33-465A-A702-920D77279786}") = "FSCL.Compiler.Core.Language", "FSCL.Compiler\Language\FSCL.Compiler.Core.Language.fsproj", "{02CC39BD-A326-49F6-B5E6-2987EADA1BA2}"
EndProject
Project("{F2A71F9B-5D33-465A-A702-920D77279786}") = "FSCL.Compiler.Core.Types", "FSCL.Compiler\Types\FSCL.Compiler.Core.Types.fsproj", "{EC288651-4F88-44D7-9206-7A0260552ECC}"
EndProject
Project("{F2A71F9B-5D33-465A-A702-920D77279786}") = "FSCL.Compiler.Core.VectorTypes", "FSCL.Compiler\VectorTypes\FSCL.Compiler.Core.VectorTypes.fsproj", "{4E60E123-E793-4FED-A316-B0D6039764E8}"
EndProject
Project("{F2A71F9B-5D33-465A-A702-920D77279786}") = "FSCL.Compiler.Core.FunctionCodegen", "FSCL.Compiler\FunctionCodegen\FSCL.Compiler.Core.FunctionCodegen.fsproj", "{A0EB369A-A29E-4BB9-8B16-CF406E42F534}"
EndProject
Project("{F2A71F9B-5D33-465A-A702-920D77279786}") = "FSCL.Compiler.Core.FunctionPreprocessing", "FSCL.Compiler\FunctionPreprocessing\FSCL.Compiler.Core.FunctionPreprocessing.fsproj", "{ED8C50CD-4155-4D3A-A682-76757FB2B8D7}"
EndProject
Project("{F2A71F9B-5D33-465A-A702-920D77279786}") = "FSCL.Compiler.Core.FunctionTransformation", "FSCL.Compiler\FunctionTransformation\FSCL.Compiler.Core.FunctionTransformation.fsproj", "{76611CB9-7F4F-4842-BEE6-03EECAF79894}"
EndProject
Project("{F2A71F9B-5D33-465A-A702-920D77279786}") = "FSCL.Compiler.Core.ModuleCodegen", "FSCL.Compiler\ModuleCodegen\FSCL.Compiler.Core.ModuleCodegen.fsproj", "{431CB9ED-C613-46BE-AD84-B4A0D8532487}"
EndProject
Project("{F2A71F9B-5D33-465A-A702-920D77279786}") = "FSCL.Compiler.Core.ModuleParsing", "FSCL.Compiler\ModuleParsing\FSCL.Compiler.Core.ModuleParsing.fsproj", "{A42DA267-4D0E-4F14-A7E0-F2F9AB587005}"
EndProject
Project("{F2A71F9B-5D33-465A-A702-920D77279786}") = "FSCL.Compiler.Core.ModulePreprocessing", "FSCL.Compiler\ModulePreprocessing\FSCL.Compiler.Core.ModulePreprocessing.fsproj", "{898F5EC0-3903-40E0-98BD-EE2E5746620F}"
EndProject
Project("{F2A71F9B-5D33-465A-A702-920D77279786}") = "FSCL.Compiler.AcceleratedCollections", "FSCL.Compiler\AcceleratedCollections\FSCL.Compiler.AcceleratedCollections.fsproj", "{5DA99AFC-09CC-4D46-9145-DDAD276BB68E}"
EndProject
Project("{F2A71F9B-5D33-465A-A702-920D77279786}") = "FSCL.Compiler", "FSCL.Compiler\Compiler\FSCL.Compiler.fsproj", "{5D7C3DB1-3300-455E-BF2A-3FB52BDC0595}"
EndProject
Project("{F2A71F9B-5D33-465A-A702-920D77279786}") = "PipelineConfigurationManager", "FSCL.Compiler\StepProcessorConfigurationManager\PipelineConfigurationManager.fsproj", "{F1124EAE-D35E-4C29-96FE-D88E7ADECC84}"
EndProject
Project("{F2A71F9B-5D33-465A-A702-920D77279786}") = "FSCL.Runtime", "Runtime\FSCL.Runtime.fsproj", "{57A5E768-A0AA-4B4F-B538-2BEA1B4E5895}"
EndProject
Project("{F2A71F9B-5D33-465A-A702-920D77279786}") = "FSCL.Runtime.Core", "Core\FSCL.Runtime.Core.fsproj", "{A7679B4F-C698-490D-A1E8-C60866D6939E}"
EndProject
Project("{F2A71F9B-5D33-465A-A702-920D77279786}") = "FSCL.Runtime.Metric", "Metric\FSCL.Runtime.Metric.fsproj", "{A329E02A-C967-4F11-99BF-CF6C16A009AF}"
EndProject
Project("{F2A71F9B-5D33-465A-A702-920D77279786}") = "FSCL.Runtime.Sample", "Sample\FSCL.Runtime.Sample.fsproj", "{A8F0AF1B-EF0A-4163-84F7-3CDB6EF5B2E6}"
EndProject
Project("{F2A71F9B-5D33-465A-A702-920D77279786}") = "FSCL.Runtime.Core.Language", "Language\FSCL.Runtime.Core.Language.fsproj", "{CD77F2CA-F702-4A05-A6E6-7725FC656084}"
EndProject
Project("{F2A71F9B-5D33-465A-A702-920D77279786}") = "FSCL.Runtime.Core.FlowGraphBuilding", "FSCL.Runtime.Core.FlowGraphBuilding\FSCL.Runtime.Core.FlowGraphBuilding.fsproj", "{4118FD25-0400-48A0-801C-640767022BF1}"
EndProject
Global
	GlobalSection(SolutionConfigurationPlatforms) = preSolution
		Debug|Any CPU = Debug|Any CPU
		Release|Any CPU = Release|Any CPU
	EndGlobalSection
	GlobalSection(ProjectConfigurationPlatforms) = postSolution
		{656E96CE-2587-4CCC-A4DB-06D36267133A}.Debug|Any CPU.ActiveCfg = Debug|Any CPU
		{656E96CE-2587-4CCC-A4DB-06D36267133A}.Debug|Any CPU.Build.0 = Debug|Any CPU
		{656E96CE-2587-4CCC-A4DB-06D36267133A}.Release|Any CPU.ActiveCfg = Release|Any CPU
		{656E96CE-2587-4CCC-A4DB-06D36267133A}.Release|Any CPU.Build.0 = Release|Any CPU
		{97B010AB-0756-46DC-B75A-7A6C4F6FF28D}.Debug|Any CPU.ActiveCfg = Debug|Any CPU
		{97B010AB-0756-46DC-B75A-7A6C4F6FF28D}.Debug|Any CPU.Build.0 = Debug|Any CPU
		{97B010AB-0756-46DC-B75A-7A6C4F6FF28D}.Release|Any CPU.ActiveCfg = Release|Any CPU
		{97B010AB-0756-46DC-B75A-7A6C4F6FF28D}.Release|Any CPU.Build.0 = Release|Any CPU
		{C0B03FA8-DF51-417D-8F17-BD41F59FC313}.Debug|Any CPU.ActiveCfg = Debug|Any CPU
		{C0B03FA8-DF51-417D-8F17-BD41F59FC313}.Debug|Any CPU.Build.0 = Debug|Any CPU
		{C0B03FA8-DF51-417D-8F17-BD41F59FC313}.Release|Any CPU.ActiveCfg = Release|Any CPU
		{C0B03FA8-DF51-417D-8F17-BD41F59FC313}.Release|Any CPU.Build.0 = Release|Any CPU
		{7C90C48C-4C3A-4FC3-8510-A7E50EF76DB3}.Debug|Any CPU.ActiveCfg = Debug|Any CPU
		{7C90C48C-4C3A-4FC3-8510-A7E50EF76DB3}.Debug|Any CPU.Build.0 = Debug|Any CPU
		{7C90C48C-4C3A-4FC3-8510-A7E50EF76DB3}.Release|Any CPU.ActiveCfg = Release|Any CPU
		{7C90C48C-4C3A-4FC3-8510-A7E50EF76DB3}.Release|Any CPU.Build.0 = Release|Any CPU
		{9798C149-593E-4A31-8B5D-807C20808A00}.Debug|Any CPU.ActiveCfg = Debug|Any CPU
		{9798C149-593E-4A31-8B5D-807C20808A00}.Debug|Any CPU.Build.0 = Debug|Any CPU
		{9798C149-593E-4A31-8B5D-807C20808A00}.Release|Any CPU.ActiveCfg = Release|Any CPU
		{9798C149-593E-4A31-8B5D-807C20808A00}.Release|Any CPU.Build.0 = Release|Any CPU
		{1AD3E1DC-D7F0-4B0C-B58F-E7E443E81471}.Debug|Any CPU.ActiveCfg = Debug|Any CPU
		{1AD3E1DC-D7F0-4B0C-B58F-E7E443E81471}.Debug|Any CPU.Build.0 = Debug|Any CPU
		{1AD3E1DC-D7F0-4B0C-B58F-E7E443E81471}.Release|Any CPU.ActiveCfg = Release|Any CPU
		{1AD3E1DC-D7F0-4B0C-B58F-E7E443E81471}.Release|Any CPU.Build.0 = Release|Any CPU
		{CB4C5F5A-CDFD-4372-A565-BC7D2E362E22}.Debug|Any CPU.ActiveCfg = Debug|Any CPU
		{CB4C5F5A-CDFD-4372-A565-BC7D2E362E22}.Debug|Any CPU.Build.0 = Debug|Any CPU
		{CB4C5F5A-CDFD-4372-A565-BC7D2E362E22}.Release|Any CPU.ActiveCfg = Release|Any CPU
		{CB4C5F5A-CDFD-4372-A565-BC7D2E362E22}.Release|Any CPU.Build.0 = Release|Any CPU
		{2089BA93-E786-42E3-B717-58105C53BB7A}.Debug|Any CPU.ActiveCfg = Debug|Any CPU
		{2089BA93-E786-42E3-B717-58105C53BB7A}.Debug|Any CPU.Build.0 = Debug|Any CPU
		{2089BA93-E786-42E3-B717-58105C53BB7A}.Release|Any CPU.ActiveCfg = Release|Any CPU
		{2089BA93-E786-42E3-B717-58105C53BB7A}.Release|Any CPU.Build.0 = Release|Any CPU
		{7635ADE1-AC00-4587-8117-3FAA15BE9318}.Debug|Any CPU.ActiveCfg = Debug|Any CPU
		{7635ADE1-AC00-4587-8117-3FAA15BE9318}.Debug|Any CPU.Build.0 = Debug|Any CPU
		{7635ADE1-AC00-4587-8117-3FAA15BE9318}.Release|Any CPU.ActiveCfg = Release|Any CPU
		{7635ADE1-AC00-4587-8117-3FAA15BE9318}.Release|Any CPU.Build.0 = Release|Any CPU
		{2581B89A-F555-48A7-94BE-9B21654901A7}.Debug|Any CPU.ActiveCfg = Debug|Any CPU
		{2581B89A-F555-48A7-94BE-9B21654901A7}.Debug|Any CPU.Build.0 = Debug|Any CPU
		{2581B89A-F555-48A7-94BE-9B21654901A7}.Release|Any CPU.ActiveCfg = Release|Any CPU
		{2581B89A-F555-48A7-94BE-9B21654901A7}.Release|Any CPU.Build.0 = Release|Any CPU
		{02CC39BD-A326-49F6-B5E6-2987EADA1BA2}.Debug|Any CPU.ActiveCfg = Debug|Any CPU
		{02CC39BD-A326-49F6-B5E6-2987EADA1BA2}.Debug|Any CPU.Build.0 = Debug|Any CPU
		{02CC39BD-A326-49F6-B5E6-2987EADA1BA2}.Release|Any CPU.ActiveCfg = Release|Any CPU
		{02CC39BD-A326-49F6-B5E6-2987EADA1BA2}.Release|Any CPU.Build.0 = Release|Any CPU
		{EC288651-4F88-44D7-9206-7A0260552ECC}.Debug|Any CPU.ActiveCfg = Debug|Any CPU
		{EC288651-4F88-44D7-9206-7A0260552ECC}.Debug|Any CPU.Build.0 = Debug|Any CPU
		{EC288651-4F88-44D7-9206-7A0260552ECC}.Release|Any CPU.ActiveCfg = Release|Any CPU
		{EC288651-4F88-44D7-9206-7A0260552ECC}.Release|Any CPU.Build.0 = Release|Any CPU
		{4E60E123-E793-4FED-A316-B0D6039764E8}.Debug|Any CPU.ActiveCfg = Debug|Any CPU
		{4E60E123-E793-4FED-A316-B0D6039764E8}.Debug|Any CPU.Build.0 = Debug|Any CPU
		{4E60E123-E793-4FED-A316-B0D6039764E8}.Release|Any CPU.ActiveCfg = Release|Any CPU
		{4E60E123-E793-4FED-A316-B0D6039764E8}.Release|Any CPU.Build.0 = Release|Any CPU
		{A0EB369A-A29E-4BB9-8B16-CF406E42F534}.Debug|Any CPU.ActiveCfg = Debug|Any CPU
		{A0EB369A-A29E-4BB9-8B16-CF406E42F534}.Debug|Any CPU.Build.0 = Debug|Any CPU
		{A0EB369A-A29E-4BB9-8B16-CF406E42F534}.Release|Any CPU.ActiveCfg = Release|Any CPU
		{A0EB369A-A29E-4BB9-8B16-CF406E42F534}.Release|Any CPU.Build.0 = Release|Any CPU
		{ED8C50CD-4155-4D3A-A682-76757FB2B8D7}.Debug|Any CPU.ActiveCfg = Debug|Any CPU
		{ED8C50CD-4155-4D3A-A682-76757FB2B8D7}.Debug|Any CPU.Build.0 = Debug|Any CPU
		{ED8C50CD-4155-4D3A-A682-76757FB2B8D7}.Release|Any CPU.ActiveCfg = Release|Any CPU
		{ED8C50CD-4155-4D3A-A682-76757FB2B8D7}.Release|Any CPU.Build.0 = Release|Any CPU
		{76611CB9-7F4F-4842-BEE6-03EECAF79894}.Debug|Any CPU.ActiveCfg = Debug|Any CPU
		{76611CB9-7F4F-4842-BEE6-03EECAF79894}.Debug|Any CPU.Build.0 = Debug|Any CPU
		{76611CB9-7F4F-4842-BEE6-03EECAF79894}.Release|Any CPU.ActiveCfg = Release|Any CPU
		{76611CB9-7F4F-4842-BEE6-03EECAF79894}.Release|Any CPU.Build.0 = Release|Any CPU
		{431CB9ED-C613-46BE-AD84-B4A0D8532487}.Debug|Any CPU.ActiveCfg = Debug|Any CPU
		{431CB9ED-C613-46BE-AD84-B4A0D8532487}.Debug|Any CPU.Build.0 = Debug|Any CPU
		{431CB9ED-C613-46BE-AD84-B4A0D8532487}.Release|Any CPU.ActiveCfg = Release|Any CPU
		{431CB9ED-C613-46BE-AD84-B4A0D8532487}.Release|Any CPU.Build.0 = Release|Any CPU
		{A42DA267-4D0E-4F14-A7E0-F2F9AB587005}.Debug|Any CPU.ActiveCfg = Debug|Any CPU
		{A42DA267-4D0E-4F14-A7E0-F2F9AB587005}.Debug|Any CPU.Build.0 = Debug|Any CPU
		{A42DA267-4D0E-4F14-A7E0-F2F9AB587005}.Release|Any CPU.ActiveCfg = Release|Any CPU
		{A42DA267-4D0E-4F14-A7E0-F2F9AB587005}.Release|Any CPU.Build.0 = Release|Any CPU
		{898F5EC0-3903-40E0-98BD-EE2E5746620F}.Debug|Any CPU.ActiveCfg = Debug|Any CPU
		{898F5EC0-3903-40E0-98BD-EE2E5746620F}.Debug|Any CPU.Build.0 = Debug|Any CPU
		{898F5EC0-3903-40E0-98BD-EE2E5746620F}.Release|Any CPU.ActiveCfg = Release|Any CPU
		{898F5EC0-3903-40E0-98BD-EE2E5746620F}.Release|Any CPU.Build.0 = Release|Any CPU
		{5DA99AFC-09CC-4D46-9145-DDAD276BB68E}.Debug|Any CPU.ActiveCfg = Debug|Any CPU
		{5DA99AFC-09CC-4D46-9145-DDAD276BB68E}.Debug|Any CPU.Build.0 = Debug|Any CPU
		{5DA99AFC-09CC-4D46-9145-DDAD276BB68E}.Release|Any CPU.ActiveCfg = Release|Any CPU
		{5DA99AFC-09CC-4D46-9145-DDAD276BB68E}.Release|Any CPU.Build.0 = Release|Any CPU
		{5D7C3DB1-3300-455E-BF2A-3FB52BDC0595}.Debug|Any CPU.ActiveCfg = Debug|Any CPU
		{5D7C3DB1-3300-455E-BF2A-3FB52BDC0595}.Debug|Any CPU.Build.0 = Debug|Any CPU
		{5D7C3DB1-3300-455E-BF2A-3FB52BDC0595}.Release|Any CPU.ActiveCfg = Release|Any CPU
		{5D7C3DB1-3300-455E-BF2A-3FB52BDC0595}.Release|Any CPU.Build.0 = Release|Any CPU
		{F1124EAE-D35E-4C29-96FE-D88E7ADECC84}.Debug|Any CPU.ActiveCfg = Debug|Any CPU
		{F1124EAE-D35E-4C29-96FE-D88E7ADECC84}.Debug|Any CPU.Build.0 = Debug|Any CPU
		{F1124EAE-D35E-4C29-96FE-D88E7ADECC84}.Release|Any CPU.ActiveCfg = Release|Any CPU
		{F1124EAE-D35E-4C29-96FE-D88E7ADECC84}.Release|Any CPU.Build.0 = Release|Any CPU
		{57A5E768-A0AA-4B4F-B538-2BEA1B4E5895}.Debug|Any CPU.ActiveCfg = Debug|Any CPU
		{57A5E768-A0AA-4B4F-B538-2BEA1B4E5895}.Debug|Any CPU.Build.0 = Debug|Any CPU
		{57A5E768-A0AA-4B4F-B538-2BEA1B4E5895}.Release|Any CPU.ActiveCfg = Release|Any CPU
		{57A5E768-A0AA-4B4F-B538-2BEA1B4E5895}.Release|Any CPU.Build.0 = Release|Any CPU
		{A7679B4F-C698-490D-A1E8-C60866D6939E}.Debug|Any CPU.ActiveCfg = Debug|Any CPU
		{A7679B4F-C698-490D-A1E8-C60866D6939E}.Debug|Any CPU.Build.0 = Debug|Any CPU
		{A7679B4F-C698-490D-A1E8-C60866D6939E}.Release|Any CPU.ActiveCfg = Release|Any CPU
		{A7679B4F-C698-490D-A1E8-C60866D6939E}.Release|Any CPU.Build.0 = Release|Any CPU
		{A329E02A-C967-4F11-99BF-CF6C16A009AF}.Debug|Any CPU.ActiveCfg = Debug|Any CPU
		{A329E02A-C967-4F11-99BF-CF6C16A009AF}.Debug|Any CPU.Build.0 = Debug|Any CPU
		{A329E02A-C967-4F11-99BF-CF6C16A009AF}.Release|Any CPU.ActiveCfg = Release|Any CPU
		{A329E02A-C967-4F11-99BF-CF6C16A009AF}.Release|Any CPU.Build.0 = Release|Any CPU
		{A8F0AF1B-EF0A-4163-84F7-3CDB6EF5B2E6}.Debug|Any CPU.ActiveCfg = Debug|Any CPU
		{A8F0AF1B-EF0A-4163-84F7-3CDB6EF5B2E6}.Debug|Any CPU.Build.0 = Debug|Any CPU
		{A8F0AF1B-EF0A-4163-84F7-3CDB6EF5B2E6}.Release|Any CPU.ActiveCfg = Release|Any CPU
		{A8F0AF1B-EF0A-4163-84F7-3CDB6EF5B2E6}.Release|Any CPU.Build.0 = Release|Any CPU
		{CD77F2CA-F702-4A05-A6E6-7725FC656084}.Debug|Any CPU.ActiveCfg = Debug|Any CPU
		{CD77F2CA-F702-4A05-A6E6-7725FC656084}.Debug|Any CPU.Build.0 = Debug|Any CPU
		{CD77F2CA-F702-4A05-A6E6-7725FC656084}.Release|Any CPU.ActiveCfg = Release|Any CPU
		{CD77F2CA-F702-4A05-A6E6-7725FC656084}.Release|Any CPU.Build.0 = Release|Any CPU
		{4118FD25-0400-48A0-801C-640767022BF1}.Debug|Any CPU.ActiveCfg = Debug|Any CPU
		{4118FD25-0400-48A0-801C-640767022BF1}.Debug|Any CPU.Build.0 = Debug|Any CPU
		{4118FD25-0400-48A0-801C-640767022BF1}.Release|Any CPU.ActiveCfg = Release|Any CPU
		{4118FD25-0400-48A0-801C-640767022BF1}.Release|Any CPU.Build.0 = Release|Any CPU
	EndGlobalSection
	GlobalSection(SolutionProperties) = preSolution
		HideSolutionNode = FALSE
	EndGlobalSection
	GlobalSection(NestedProjects) = preSolution
		{656E96CE-2587-4CCC-A4DB-06D36267133A} = {D0CC830B-3BD8-45A2-87CC-1959BE1772E2}
		{2089BA93-E786-42E3-B717-58105C53BB7A} = {5037334E-758D-4D7B-9AB3-C928D1D5AF39}
		{7635ADE1-AC00-4587-8117-3FAA15BE9318} = {5037334E-758D-4D7B-9AB3-C928D1D5AF39}
		{2581B89A-F555-48A7-94BE-9B21654901A7} = {5037334E-758D-4D7B-9AB3-C928D1D5AF39}
		{02CC39BD-A326-49F6-B5E6-2987EADA1BA2} = {5037334E-758D-4D7B-9AB3-C928D1D5AF39}
		{EC288651-4F88-44D7-9206-7A0260552ECC} = {5037334E-758D-4D7B-9AB3-C928D1D5AF39}
		{4E60E123-E793-4FED-A316-B0D6039764E8} = {5037334E-758D-4D7B-9AB3-C928D1D5AF39}
		{A0EB369A-A29E-4BB9-8B16-CF406E42F534} = {5037334E-758D-4D7B-9AB3-C928D1D5AF39}
		{ED8C50CD-4155-4D3A-A682-76757FB2B8D7} = {5037334E-758D-4D7B-9AB3-C928D1D5AF39}
		{76611CB9-7F4F-4842-BEE6-03EECAF79894} = {5037334E-758D-4D7B-9AB3-C928D1D5AF39}
		{431CB9ED-C613-46BE-AD84-B4A0D8532487} = {5037334E-758D-4D7B-9AB3-C928D1D5AF39}
		{A42DA267-4D0E-4F14-A7E0-F2F9AB587005} = {5037334E-758D-4D7B-9AB3-C928D1D5AF39}
		{898F5EC0-3903-40E0-98BD-EE2E5746620F} = {5037334E-758D-4D7B-9AB3-C928D1D5AF39}
		{5DA99AFC-09CC-4D46-9145-DDAD276BB68E} = {5037334E-758D-4D7B-9AB3-C928D1D5AF39}
		{5D7C3DB1-3300-455E-BF2A-3FB52BDC0595} = {5037334E-758D-4D7B-9AB3-C928D1D5AF39}
		{F1124EAE-D35E-4C29-96FE-D88E7ADECC84} = {5037334E-758D-4D7B-9AB3-C928D1D5AF39}
		{97B010AB-0756-46DC-B75A-7A6C4F6FF28D} = {38219484-0548-474A-8049-747C727118DA}
	EndGlobalSection
	GlobalSection(MonoDevelopProperties) = preSolution
		StartupItem = Cloo\Cloo\Cloo.VS2010.csproj
	EndGlobalSection
EndGlobal
