
Microsoft Visual Studio Solution File, Format Version 12.00
# Visual Studio 2012
Project("{FAE04EC0-301F-11D3-BF4B-00C04F79EFBC}") = "Cloo.VS2010", "..\CLWrapper\Cloo\Cloo.VS2010.csproj", "{656E96CE-2587-4CCC-A4DB-06D36267133A}"
EndProject
Project("{F2A71F9B-5D33-465A-A702-920D77279786}") = "FSCL.Runtime", "FSCL.Runtime.fsproj", "{57A5E768-A0AA-4B4F-B538-2BEA1B4E5895}"
EndProject
Project("{2150E333-8FDC-42A3-9474-1A3956D46DE8}") = "Metrics", "Metrics", "{66918820-0F61-4347-90A9-7D190DBA8D7F}"
EndProject
Project("{2150E333-8FDC-42A3-9474-1A3956D46DE8}") = "Samples", "Samples", "{B3E7351F-F640-4950-9DFD-833E908A0DC2}"
EndProject
Project("{F2A71F9B-5D33-465A-A702-920D77279786}") = "Sample", "Sample\Sample.fsproj", "{A8F0AF1B-EF0A-4163-84F7-3CDB6EF5B2E6}"
EndProject
Project("{2150E333-8FDC-42A3-9474-1A3956D46DE8}") = "Compiler", "Compiler", "{2222BE1F-1898-4DAB-9306-1352CB5BAEEC}"
EndProject
Project("{F2A71F9B-5D33-465A-A702-920D77279786}") = "FSCL.Compiler", "..\..\FSCL.Compiler\FSCL.Compiler\FSCL.Compiler.fsproj", "{5D7C3DB1-3300-455E-BF2A-3FB52BDC0595}"
EndProject
Project("{2150E333-8FDC-42A3-9474-1A3956D46DE8}") = "Core", "Core", "{E1CF796E-53C6-4FC7-B8EB-35C7CF28B84B}"
EndProject
Project("{2150E333-8FDC-42A3-9474-1A3956D46DE8}") = "Tools", "Tools", "{91BA3570-706A-45EC-BCCB-51BB45CCFE5C}"
EndProject
Project("{2150E333-8FDC-42A3-9474-1A3956D46DE8}") = "Samples", "Samples", "{9FEBDD4B-5407-4E9F-92A5-DA6728EDCA59}"
EndProject
Project("{F2A71F9B-5D33-465A-A702-920D77279786}") = "Sample", "..\..\FSCL.Compiler\Sample\Sample.fsproj", "{05D3D829-9EEF-411D-BBF7-FE966B2D379B}"
EndProject
Project("{F2A71F9B-5D33-465A-A702-920D77279786}") = "GraphUtil", "..\..\FSCL.Compiler\GraphUtil\GraphUtil.fsproj", "{2581B89A-F555-48A7-94BE-9B21654901A7}"
EndProject
Project("{F2A71F9B-5D33-465A-A702-920D77279786}") = "FSCL.Compiler.Core.FunctionPreprocessing", "..\..\FSCL.Compiler\FSCL.Compiler.Core.FunctionPreprocessing\FSCL.Compiler.Core.FunctionPreprocessing.fsproj", "{ED8C50CD-4155-4D3A-A682-76757FB2B8D7}"
EndProject
Project("{F2A71F9B-5D33-465A-A702-920D77279786}") = "FSCL.Compiler.Core.FunctionPrettyPrinting", "..\..\FSCL.Compiler\FSCL.Compiler.Core.FunctionPrettyPrinting\FSCL.Compiler.Core.FunctionPrettyPrinting.fsproj", "{A0EB369A-A29E-4BB9-8B16-CF406E42F534}"
EndProject
Project("{F2A71F9B-5D33-465A-A702-920D77279786}") = "FSCL.Compiler.Core.FunctionTransformation", "..\..\FSCL.Compiler\FSCL.Compiler.Core.FunctionTransformation\FSCL.Compiler.Core.FunctionTransformation.fsproj", "{76611CB9-7F4F-4842-BEE6-03EECAF79894}"
EndProject
Project("{F2A71F9B-5D33-465A-A702-920D77279786}") = "FSCL.Compiler.Core.Language", "..\..\FSCL.Compiler\FSCL.Compiler.Core.Language\FSCL.Compiler.Core.Language.fsproj", "{02CC39BD-A326-49F6-B5E6-2987EADA1BA2}"
EndProject
Project("{F2A71F9B-5D33-465A-A702-920D77279786}") = "FSCL.Compiler.Core.ModuleParsing", "..\..\FSCL.Compiler\FSCL.Compiler.Core.ModuleParsing\FSCL.Compiler.Core.ModuleParsing.fsproj", "{A42DA267-4D0E-4F14-A7E0-F2F9AB587005}"
EndProject
Project("{F2A71F9B-5D33-465A-A702-920D77279786}") = "FSCL.Compiler.Core.ModulePreprocessing", "..\..\FSCL.Compiler\FSCL.Compiler.Core.ModulePreprocessing\FSCL.Compiler.Core.ModulePreprocessing.fsproj", "{898F5EC0-3903-40E0-98BD-EE2E5746620F}"
EndProject
Project("{F2A71F9B-5D33-465A-A702-920D77279786}") = "FSCL.Compiler.Core.Types", "..\..\FSCL.Compiler\FSCL.Compiler.Core.Types\FSCL.Compiler.Core.Types.fsproj", "{EC288651-4F88-44D7-9206-7A0260552ECC}"
EndProject
Project("{F2A71F9B-5D33-465A-A702-920D77279786}") = "FSCL.Compiler.Core", "..\..\FSCL.Compiler\FSCL.Compiler.Core\FSCL.Compiler.Core.fsproj", "{7635ADE1-AC00-4587-8117-3FAA15BE9318}"
EndProject
Project("{F2A71F9B-5D33-465A-A702-920D77279786}") = "FSCL.Compiler.Core.Util", "..\..\FSCL.Compiler\FSCL.Compiler.Core.Util\FSCL.Compiler.Core.Util.fsproj", "{2089BA93-E786-42E3-B717-58105C53BB7A}"
EndProject
Project("{F2A71F9B-5D33-465A-A702-920D77279786}") = "FSCL.Compiler.Core.ModulePrettyPrinting", "..\..\FSCL.Compiler\FSCL.Compiler.Core.ModulePrettyPrinting\FSCL.Compiler.Core.ModulePrettyPrinting.fsproj", "{431CB9ED-C613-46BE-AD84-B4A0D8532487}"
EndProject
Project("{F2A71F9B-5D33-465A-A702-920D77279786}") = "FSCL.Runtime.Metric.InstructionEnergyMetric", "..\FSCL.Runtime.Metric.InstructionEnergyMetric\FSCL.Runtime.Metric.InstructionEnergyMetric.fsproj", "{74339ED3-11F9-477A-A8CB-30B881BF81EA}"
EndProject
Project("{F2A71F9B-5D33-465A-A702-920D77279786}") = "FSCL.Runtime.Metric.TransferEnergyMetric", "..\FSCL.Runtime.Metric.TransferEnergyMetric\FSCL.Runtime.Metric.TransferEnergyMetric.fsproj", "{A84732B7-8090-4259-B0B6-106A330DF59D}"
EndProject
Project("{F2A71F9B-5D33-465A-A702-920D77279786}") = "FSCL.Runtime.MetricTools", "..\FSCL.Runtime.MetricTools\FSCL.Runtime.MetricTools.fsproj", "{CB4C5F5A-CDFD-4372-A565-BC7D2E362E22}"
EndProject
Project("{F2A71F9B-5D33-465A-A702-920D77279786}") = "FSCL.Runtime.Metric", "..\FSCL.Runtime.Metric\FSCL.Runtime.Metric.fsproj", "{A329E02A-C967-4F11-99BF-CF6C16A009AF}"
EndProject
Global
	GlobalSection(SolutionConfigurationPlatforms) = preSolution
		Debug|Any CPU = Debug|Any CPU
		Release|Any CPU = Release|Any CPU
	EndGlobalSection
	GlobalSection(ProjectConfigurationPlatforms) = postSolution
		{656E96CE-2587-4CCC-A4DB-06D36267133A}.Debug|Any CPU.ActiveCfg = Debug|Any CPU
		{656E96CE-2587-4CCC-A4DB-06D36267133A}.Debug|Any CPU.Build.0 = Debug|Any CPU
		{656E96CE-2587-4CCC-A4DB-06D36267133A}.Release|Any CPU.ActiveCfg = Release|Any CPU
		{656E96CE-2587-4CCC-A4DB-06D36267133A}.Release|Any CPU.Build.0 = Release|Any CPU
		{57A5E768-A0AA-4B4F-B538-2BEA1B4E5895}.Debug|Any CPU.ActiveCfg = Debug|Any CPU
		{57A5E768-A0AA-4B4F-B538-2BEA1B4E5895}.Debug|Any CPU.Build.0 = Debug|Any CPU
		{57A5E768-A0AA-4B4F-B538-2BEA1B4E5895}.Release|Any CPU.ActiveCfg = Release|Any CPU
		{57A5E768-A0AA-4B4F-B538-2BEA1B4E5895}.Release|Any CPU.Build.0 = Release|Any CPU
		{A8F0AF1B-EF0A-4163-84F7-3CDB6EF5B2E6}.Debug|Any CPU.ActiveCfg = Debug|Any CPU
		{A8F0AF1B-EF0A-4163-84F7-3CDB6EF5B2E6}.Debug|Any CPU.Build.0 = Debug|Any CPU
		{A8F0AF1B-EF0A-4163-84F7-3CDB6EF5B2E6}.Release|Any CPU.ActiveCfg = Release|Any CPU
		{A8F0AF1B-EF0A-4163-84F7-3CDB6EF5B2E6}.Release|Any CPU.Build.0 = Release|Any CPU
		{5D7C3DB1-3300-455E-BF2A-3FB52BDC0595}.Debug|Any CPU.ActiveCfg = Debug|Any CPU
		{5D7C3DB1-3300-455E-BF2A-3FB52BDC0595}.Debug|Any CPU.Build.0 = Debug|Any CPU
		{5D7C3DB1-3300-455E-BF2A-3FB52BDC0595}.Release|Any CPU.ActiveCfg = Release|Any CPU
		{5D7C3DB1-3300-455E-BF2A-3FB52BDC0595}.Release|Any CPU.Build.0 = Release|Any CPU
		{05D3D829-9EEF-411D-BBF7-FE966B2D379B}.Debug|Any CPU.ActiveCfg = Debug|Any CPU
		{05D3D829-9EEF-411D-BBF7-FE966B2D379B}.Debug|Any CPU.Build.0 = Debug|Any CPU
		{05D3D829-9EEF-411D-BBF7-FE966B2D379B}.Release|Any CPU.ActiveCfg = Release|Any CPU
		{05D3D829-9EEF-411D-BBF7-FE966B2D379B}.Release|Any CPU.Build.0 = Release|Any CPU
		{2581B89A-F555-48A7-94BE-9B21654901A7}.Debug|Any CPU.ActiveCfg = Debug|Any CPU
		{2581B89A-F555-48A7-94BE-9B21654901A7}.Debug|Any CPU.Build.0 = Debug|Any CPU
		{2581B89A-F555-48A7-94BE-9B21654901A7}.Release|Any CPU.ActiveCfg = Release|Any CPU
		{2581B89A-F555-48A7-94BE-9B21654901A7}.Release|Any CPU.Build.0 = Release|Any CPU
		{ED8C50CD-4155-4D3A-A682-76757FB2B8D7}.Debug|Any CPU.ActiveCfg = Debug|Any CPU
		{ED8C50CD-4155-4D3A-A682-76757FB2B8D7}.Debug|Any CPU.Build.0 = Debug|Any CPU
		{ED8C50CD-4155-4D3A-A682-76757FB2B8D7}.Release|Any CPU.ActiveCfg = Release|Any CPU
		{ED8C50CD-4155-4D3A-A682-76757FB2B8D7}.Release|Any CPU.Build.0 = Release|Any CPU
		{A0EB369A-A29E-4BB9-8B16-CF406E42F534}.Debug|Any CPU.ActiveCfg = Debug|Any CPU
		{A0EB369A-A29E-4BB9-8B16-CF406E42F534}.Debug|Any CPU.Build.0 = Debug|Any CPU
		{A0EB369A-A29E-4BB9-8B16-CF406E42F534}.Release|Any CPU.ActiveCfg = Release|Any CPU
		{A0EB369A-A29E-4BB9-8B16-CF406E42F534}.Release|Any CPU.Build.0 = Release|Any CPU
		{76611CB9-7F4F-4842-BEE6-03EECAF79894}.Debug|Any CPU.ActiveCfg = Debug|Any CPU
		{76611CB9-7F4F-4842-BEE6-03EECAF79894}.Debug|Any CPU.Build.0 = Debug|Any CPU
		{76611CB9-7F4F-4842-BEE6-03EECAF79894}.Release|Any CPU.ActiveCfg = Release|Any CPU
		{76611CB9-7F4F-4842-BEE6-03EECAF79894}.Release|Any CPU.Build.0 = Release|Any CPU
		{02CC39BD-A326-49F6-B5E6-2987EADA1BA2}.Debug|Any CPU.ActiveCfg = Debug|Any CPU
		{02CC39BD-A326-49F6-B5E6-2987EADA1BA2}.Debug|Any CPU.Build.0 = Debug|Any CPU
		{02CC39BD-A326-49F6-B5E6-2987EADA1BA2}.Release|Any CPU.ActiveCfg = Release|Any CPU
		{02CC39BD-A326-49F6-B5E6-2987EADA1BA2}.Release|Any CPU.Build.0 = Release|Any CPU
		{A42DA267-4D0E-4F14-A7E0-F2F9AB587005}.Debug|Any CPU.ActiveCfg = Debug|Any CPU
		{A42DA267-4D0E-4F14-A7E0-F2F9AB587005}.Debug|Any CPU.Build.0 = Debug|Any CPU
		{A42DA267-4D0E-4F14-A7E0-F2F9AB587005}.Release|Any CPU.ActiveCfg = Release|Any CPU
		{A42DA267-4D0E-4F14-A7E0-F2F9AB587005}.Release|Any CPU.Build.0 = Release|Any CPU
		{898F5EC0-3903-40E0-98BD-EE2E5746620F}.Debug|Any CPU.ActiveCfg = Debug|Any CPU
		{898F5EC0-3903-40E0-98BD-EE2E5746620F}.Debug|Any CPU.Build.0 = Debug|Any CPU
		{898F5EC0-3903-40E0-98BD-EE2E5746620F}.Release|Any CPU.ActiveCfg = Release|Any CPU
		{898F5EC0-3903-40E0-98BD-EE2E5746620F}.Release|Any CPU.Build.0 = Release|Any CPU
		{EC288651-4F88-44D7-9206-7A0260552ECC}.Debug|Any CPU.ActiveCfg = Debug|Any CPU
		{EC288651-4F88-44D7-9206-7A0260552ECC}.Debug|Any CPU.Build.0 = Debug|Any CPU
		{EC288651-4F88-44D7-9206-7A0260552ECC}.Release|Any CPU.ActiveCfg = Release|Any CPU
		{EC288651-4F88-44D7-9206-7A0260552ECC}.Release|Any CPU.Build.0 = Release|Any CPU
		{7635ADE1-AC00-4587-8117-3FAA15BE9318}.Debug|Any CPU.ActiveCfg = Debug|Any CPU
		{7635ADE1-AC00-4587-8117-3FAA15BE9318}.Debug|Any CPU.Build.0 = Debug|Any CPU
		{7635ADE1-AC00-4587-8117-3FAA15BE9318}.Release|Any CPU.ActiveCfg = Release|Any CPU
		{7635ADE1-AC00-4587-8117-3FAA15BE9318}.Release|Any CPU.Build.0 = Release|Any CPU
		{2089BA93-E786-42E3-B717-58105C53BB7A}.Debug|Any CPU.ActiveCfg = Debug|Any CPU
		{2089BA93-E786-42E3-B717-58105C53BB7A}.Debug|Any CPU.Build.0 = Debug|Any CPU
		{2089BA93-E786-42E3-B717-58105C53BB7A}.Release|Any CPU.ActiveCfg = Release|Any CPU
		{2089BA93-E786-42E3-B717-58105C53BB7A}.Release|Any CPU.Build.0 = Release|Any CPU
		{431CB9ED-C613-46BE-AD84-B4A0D8532487}.Debug|Any CPU.ActiveCfg = Debug|Any CPU
		{431CB9ED-C613-46BE-AD84-B4A0D8532487}.Debug|Any CPU.Build.0 = Debug|Any CPU
		{431CB9ED-C613-46BE-AD84-B4A0D8532487}.Release|Any CPU.ActiveCfg = Release|Any CPU
		{431CB9ED-C613-46BE-AD84-B4A0D8532487}.Release|Any CPU.Build.0 = Release|Any CPU
		{74339ED3-11F9-477A-A8CB-30B881BF81EA}.Debug|Any CPU.ActiveCfg = Debug|Any CPU
		{74339ED3-11F9-477A-A8CB-30B881BF81EA}.Debug|Any CPU.Build.0 = Debug|Any CPU
		{74339ED3-11F9-477A-A8CB-30B881BF81EA}.Release|Any CPU.ActiveCfg = Release|Any CPU
		{74339ED3-11F9-477A-A8CB-30B881BF81EA}.Release|Any CPU.Build.0 = Release|Any CPU
		{A84732B7-8090-4259-B0B6-106A330DF59D}.Debug|Any CPU.ActiveCfg = Debug|Any CPU
		{A84732B7-8090-4259-B0B6-106A330DF59D}.Debug|Any CPU.Build.0 = Debug|Any CPU
		{A84732B7-8090-4259-B0B6-106A330DF59D}.Release|Any CPU.ActiveCfg = Release|Any CPU
		{A84732B7-8090-4259-B0B6-106A330DF59D}.Release|Any CPU.Build.0 = Release|Any CPU
		{CB4C5F5A-CDFD-4372-A565-BC7D2E362E22}.Debug|Any CPU.ActiveCfg = Debug|Any CPU
		{CB4C5F5A-CDFD-4372-A565-BC7D2E362E22}.Debug|Any CPU.Build.0 = Debug|Any CPU
		{CB4C5F5A-CDFD-4372-A565-BC7D2E362E22}.Release|Any CPU.ActiveCfg = Release|Any CPU
		{CB4C5F5A-CDFD-4372-A565-BC7D2E362E22}.Release|Any CPU.Build.0 = Release|Any CPU
		{A329E02A-C967-4F11-99BF-CF6C16A009AF}.Debug|Any CPU.ActiveCfg = Debug|Any CPU
		{A329E02A-C967-4F11-99BF-CF6C16A009AF}.Debug|Any CPU.Build.0 = Debug|Any CPU
		{A329E02A-C967-4F11-99BF-CF6C16A009AF}.Release|Any CPU.ActiveCfg = Release|Any CPU
		{A329E02A-C967-4F11-99BF-CF6C16A009AF}.Release|Any CPU.Build.0 = Release|Any CPU
	EndGlobalSection
	GlobalSection(SolutionProperties) = preSolution
		HideSolutionNode = FALSE
	EndGlobalSection
	GlobalSection(NestedProjects) = preSolution
		{74339ED3-11F9-477A-A8CB-30B881BF81EA} = {66918820-0F61-4347-90A9-7D190DBA8D7F}
		{A84732B7-8090-4259-B0B6-106A330DF59D} = {66918820-0F61-4347-90A9-7D190DBA8D7F}
		{A8F0AF1B-EF0A-4163-84F7-3CDB6EF5B2E6} = {B3E7351F-F640-4950-9DFD-833E908A0DC2}
		{5D7C3DB1-3300-455E-BF2A-3FB52BDC0595} = {2222BE1F-1898-4DAB-9306-1352CB5BAEEC}
		{E1CF796E-53C6-4FC7-B8EB-35C7CF28B84B} = {2222BE1F-1898-4DAB-9306-1352CB5BAEEC}
		{91BA3570-706A-45EC-BCCB-51BB45CCFE5C} = {2222BE1F-1898-4DAB-9306-1352CB5BAEEC}
		{9FEBDD4B-5407-4E9F-92A5-DA6728EDCA59} = {2222BE1F-1898-4DAB-9306-1352CB5BAEEC}
		{ED8C50CD-4155-4D3A-A682-76757FB2B8D7} = {E1CF796E-53C6-4FC7-B8EB-35C7CF28B84B}
		{A0EB369A-A29E-4BB9-8B16-CF406E42F534} = {E1CF796E-53C6-4FC7-B8EB-35C7CF28B84B}
		{76611CB9-7F4F-4842-BEE6-03EECAF79894} = {E1CF796E-53C6-4FC7-B8EB-35C7CF28B84B}
		{02CC39BD-A326-49F6-B5E6-2987EADA1BA2} = {E1CF796E-53C6-4FC7-B8EB-35C7CF28B84B}
		{A42DA267-4D0E-4F14-A7E0-F2F9AB587005} = {E1CF796E-53C6-4FC7-B8EB-35C7CF28B84B}
		{898F5EC0-3903-40E0-98BD-EE2E5746620F} = {E1CF796E-53C6-4FC7-B8EB-35C7CF28B84B}
		{EC288651-4F88-44D7-9206-7A0260552ECC} = {E1CF796E-53C6-4FC7-B8EB-35C7CF28B84B}
		{7635ADE1-AC00-4587-8117-3FAA15BE9318} = {E1CF796E-53C6-4FC7-B8EB-35C7CF28B84B}
		{2089BA93-E786-42E3-B717-58105C53BB7A} = {E1CF796E-53C6-4FC7-B8EB-35C7CF28B84B}
		{431CB9ED-C613-46BE-AD84-B4A0D8532487} = {E1CF796E-53C6-4FC7-B8EB-35C7CF28B84B}
		{2581B89A-F555-48A7-94BE-9B21654901A7} = {91BA3570-706A-45EC-BCCB-51BB45CCFE5C}
		{05D3D829-9EEF-411D-BBF7-FE966B2D379B} = {9FEBDD4B-5407-4E9F-92A5-DA6728EDCA59}
	EndGlobalSection
EndGlobal
